<Solution>
  <Folder Name="/Task0/">
    <Project Path="Tyuiu.UstuzhaninAA.Sprint0/Tyuiu.UstuzhaninAA.Sprint0.Task0.V0.csproj" />
  </Folder>
  <Folder Name="/Task1/">
    <Project Path="Tyuiu.UstuzhaninAA.Sprint0.Task1.V0/Tyuiu.UstuzhaninAA.Sprint0.Task1.V0.csproj" />
  </Folder>
  <Folder Name="/Task2/">
    <Project Path="Tyuiu.UstuzhaninAA.Sprint0.Task2.V0.Lib/Tyuiu.UstuzhaninAA.Sprint0.Task2.V0.Lib.csproj" Id="5e7e1df3-813f-44f6-97e4-33765fc86679" />
    <Project Path="Tyuiu.UstuzhaninAA.Sprint0.Task2.V0.Test/Tyuiu.UstuzhaninAA.Sprint0.Task2.V0.Test.csproj" Id="bc2d1e4d-5f9d-427e-bce8-49a9ffe0c0a9" />
    <Project Path="Tyuiu.UstuzhaninAA.Sprint0.Task2.V0/Tyuiu.UstuzhaninAA.Sprint0.Task2.V0.csproj" Id="0d3a6943-6dca-4a47-89d1-d26313f2a69e" />
  </Folder>
  <Folder Name="/Task3/">
    <Project Path="Tyuiu.UstuzhaninAA.Sprint0.Task3.V0.Lib/Tyuiu.UstuzhaninAA.Sprint0.Task3.V0.Lib.csproj" Id="7fd4800b-eee9-4575-9259-debd6de7162c" />
    <Project Path="Tyuiu.UstuzhaninAA.Sprint0.Task3.V0.Test/Tyuiu.UstuzhaninAA.Sprint0.Task3.V0.Test.csproj" Id="981f5bc7-6de3-4001-821c-3084ba9d2bf3" />
    <Project Path="Tyuiu.UstuzhaninAA.Sprint0.Task3.V0/Tyuiu.UstuzhaninAA.Sprint0.Task3.V0.csproj" Id="1b0cedea-7035-4210-9ee3-9b9162fb05ec" />
  </Folder>
  <Folder Name="/Task4/">
    <Project Path="Tyuiu.UstuzhaninAA.Sprint0.Task4.V0.Lib/Tyuiu.UstuzhaninAA.Sprint0.Task4.V0.Lib.csproj" Id="851d5889-e11c-4b51-a89c-e3b9204e1f54" />
    <Project Path="Tyuiu.UstuzhaninAA.Sprint0.Task4.V0.Test/Tyuiu.UstuzhaninAA.Sprint0.Task4.V0.Test.csproj" Id="e128180c-f128-4b10-b543-f85c7ec6d3bc" />
    <Project Path="Tyuiu.UstuzhaninAA.Sprint0.Task4.V0/Tyuiu.UstuzhaninAA.Sprint0.Task4.V0.csproj" Id="6e747a63-ff39-4785-a0a0-53ac1b384ab7" />
  </Folder>
  <Folder Name="/Task5/">
    <Project Path="Tyuiu.UstuzhaninAA.Sprint0.Task5.V0.Lib/Tyuiu.UstuzhaninAA.Sprint0.Task5.V0.Lib.csproj" Id="8a5400f0-dc4c-4000-a8b0-02ef3a955d50" />
    <Project Path="Tyuiu.UstuzhaninAA.Sprint0.Task5.V0.Test/Tyuiu.UstuzhaninAA.Sprint0.Task5.V0.Test.csproj" Id="349ce24f-aba3-48e3-a0c0-dc1092b41183" />
    <Project Path="Tyuiu.UstuzhaninAA.Sprint0.Task5.V0/Tyuiu.UstuzhaninAA.Sprint0.Task5.V0.csproj" Id="586fa8e1-73a1-4eb5-bbdc-6bb4295bd7e1" />
  </Folder>
  <Folder Name="/Task6/">
    <Project Path="Tyuiu.UstuzhaninAA.Sprint0.Task6.V0.Lib/Tyuiu.UstuzhaninAA.Sprint0.Task6.V0.Lib.csproj" Id="7d3897df-e94c-48fe-97f6-38dbe2faf01b" />
    <Project Path="Tyuiu.UstuzhaninAA.Sprint0.Task6.V0.Test/Tyuiu.UstuzhaninAA.Sprint0.Task6.V0.Test.csproj" Id="9418b0b5-a2a0-4da5-9c38-c7fedc0314b8" />
    <Project Path="Tyuiu.UstuzhaninAA.Sprint0.Task6.V0/Tyuiu.UstuzhaninAA.Sprint0.Task6.V0.csproj" Id="4d0986e4-7071-4f44-b494-7ffb93b870e1" />
  </Folder>
</Solution>
